
Microsoft Visual Studio Solution File, Format Version 12.00
# Visual Studio Version 16
VisualStudioVersion = 16.0.31729.503
MinimumVisualStudioVersion = 10.0.40219.1
Project("{2150E333-8FDC-42A3-9474-1A3956D46DE8}") = "src", "src", "{604A3039-BFEC-4882-8E74-1F29C07C5F38}"
EndProject
Project("{FAE04EC0-301F-11D3-BF4B-00C04F79EFBC}") = "Mc2.CrudTest", "src\Mc2.CrudTest\Mc2.CrudTest.csproj", "{671DA64A-7BE8-4229-8B8E-8DD840E4DBA7}"
EndProject
Project("{2150E333-8FDC-42A3-9474-1A3956D46DE8}") = "tests", "tests", "{003C30AB-3C44-4BAC-A0FE-1DC60F5A86EE}"
EndProject
Project("{FAE04EC0-301F-11D3-BF4B-00C04F79EFBC}") = "Mc2.CrudTest.Tests", "tests\Mc2.CrudTest.Tests\Mc2.CrudTest.Tests.csproj", "{C709BE1C-E2EC-4682-ABC0-664542D2C737}"
EndProject
Global
	GlobalSection(SolutionProperties) = preSolution
		HideSolutionNode = FALSE
	EndGlobalSection
	GlobalSection(ExtensibilityGlobals) = postSolution
		SolutionGuid = {4B5A26C9-68C1-49D9-9F32-AF907A1730C2}
	EndGlobalSection
	GlobalSection(SolutionConfigurationPlatforms) = preSolution
		Debug|Any CPU = Debug|Any CPU
		Debug|x64 = Debug|x64
		Debug|x86 = Debug|x86
		Release|Any CPU = Release|Any CPU
		Release|x64 = Release|x64
		Release|x86 = Release|x86
	EndGlobalSection
	GlobalSection(ProjectConfigurationPlatforms) = postSolution
		{671DA64A-7BE8-4229-8B8E-8DD840E4DBA7}.Debug|Any CPU.ActiveCfg = Debug|Any CPU
		{671DA64A-7BE8-4229-8B8E-8DD840E4DBA7}.Debug|Any CPU.Build.0 = Debug|Any CPU
		{671DA64A-7BE8-4229-8B8E-8DD840E4DBA7}.Debug|x64.ActiveCfg = Debug|Any CPU
		{671DA64A-7BE8-4229-8B8E-8DD840E4DBA7}.Debug|x64.Build.0 = Debug|Any CPU
		{671DA64A-7BE8-4229-8B8E-8DD840E4DBA7}.Debug|x86.ActiveCfg = Debug|Any CPU
		{671DA64A-7BE8-4229-8B8E-8DD840E4DBA7}.Debug|x86.Build.0 = Debug|Any CPU
		{671DA64A-7BE8-4229-8B8E-8DD840E4DBA7}.Release|Any CPU.ActiveCfg = Release|Any CPU
		{671DA64A-7BE8-4229-8B8E-8DD840E4DBA7}.Release|Any CPU.Build.0 = Release|Any CPU
		{671DA64A-7BE8-4229-8B8E-8DD840E4DBA7}.Release|x64.ActiveCfg = Release|Any CPU
		{671DA64A-7BE8-4229-8B8E-8DD840E4DBA7}.Release|x64.Build.0 = Release|Any CPU
		{671DA64A-7BE8-4229-8B8E-8DD840E4DBA7}.Release|x86.ActiveCfg = Release|Any CPU
		{671DA64A-7BE8-4229-8B8E-8DD840E4DBA7}.Release|x86.Build.0 = Release|Any CPU
		{C709BE1C-E2EC-4682-ABC0-664542D2C737}.Debug|Any CPU.ActiveCfg = Debug|Any CPU
		{C709BE1C-E2EC-4682-ABC0-664542D2C737}.Debug|Any CPU.Build.0 = Debug|Any CPU
		{C709BE1C-E2EC-4682-ABC0-664542D2C737}.Debug|x64.ActiveCfg = Debug|Any CPU
		{C709BE1C-E2EC-4682-ABC0-664542D2C737}.Debug|x64.Build.0 = Debug|Any CPU
		{C709BE1C-E2EC-4682-ABC0-664542D2C737}.Debug|x86.ActiveCfg = Debug|Any CPU
		{C709BE1C-E2EC-4682-ABC0-664542D2C737}.Debug|x86.Build.0 = Debug|Any CPU
		{C709BE1C-E2EC-4682-ABC0-664542D2C737}.Release|Any CPU.ActiveCfg = Release|Any CPU
		{C709BE1C-E2EC-4682-ABC0-664542D2C737}.Release|Any CPU.Build.0 = Release|Any CPU
		{C709BE1C-E2EC-4682-ABC0-664542D2C737}.Release|x64.ActiveCfg = Release|Any CPU
		{C709BE1C-E2EC-4682-ABC0-664542D2C737}.Release|x64.Build.0 = Release|Any CPU
		{C709BE1C-E2EC-4682-ABC0-664542D2C737}.Release|x86.ActiveCfg = Release|Any CPU
		{C709BE1C-E2EC-4682-ABC0-664542D2C737}.Release|x86.Build.0 = Release|Any CPU
	EndGlobalSection
	GlobalSection(NestedProjects) = preSolution
		{671DA64A-7BE8-4229-8B8E-8DD840E4DBA7} = {604A3039-BFEC-4882-8E74-1F29C07C5F38}
		{C709BE1C-E2EC-4682-ABC0-664542D2C737} = {003C30AB-3C44-4BAC-A0FE-1DC60F5A86EE}
	EndGlobalSection
EndGlobal
